
Microsoft Visual Studio Solution File, Format Version 12.00
# Visual Studio Version 17
VisualStudioVersion = 17.11.35222.181
MinimumVisualStudioVersion = 10.0.40219.1
Project("{FAE04EC0-301F-11D3-BF4B-00C04F79EFBC}") = "Biblioteca", "Biblioteca.csproj", "{6FA22E26-E47C-484E-8E88-D550C3060DA7}"
EndProject
Global
	GlobalSection(SolutionConfigurationPlatforms) = preSolution
		Debug|Any CPU = Debug|Any CPU
		Release|Any CPU = Release|Any CPU
	EndGlobalSection
	GlobalSection(ProjectConfigurationPlatforms) = postSolution
		{6FA22E26-E47C-484E-8E88-D550C3060DA7}.Debug|Any CPU.ActiveCfg = Debug|Any CPU
		{6FA22E26-E47C-484E-8E88-D550C3060DA7}.Debug|Any CPU.Build.0 = Debug|Any CPU
		{6FA22E26-E47C-484E-8E88-D550C3060DA7}.Release|Any CPU.ActiveCfg = Release|Any CPU
		{6FA22E26-E47C-484E-8E88-D550C3060DA7}.Release|Any CPU.Build.0 = Release|Any CPU
	EndGlobalSection
	GlobalSection(SolutionProperties) = preSolution
		HideSolutionNode = FALSE
	EndGlobalSection
	GlobalSection(ExtensibilityGlobals) = postSolution
		SolutionGuid = {806BE59D-A7CA-4A4F-8E44-B3802805A38B}
	EndGlobalSection
EndGlobal
